
Microsoft Visual Studio Solution File, Format Version 12.00
# Visual Studio Version 16
VisualStudioVersion = 25.0.1706.8
MinimumVisualStudioVersion = 10.0.40219.1
Project("{FAE04EC0-301F-11D3-BF4B-00C04F79EFBC}") = "Week15OOPAndFiles", "Week15OOPAndFiles\Week15OOPAndFiles.csproj", "{CC827D85-0424-4DCD-AC26-9B200943DE4A}"
EndProject
Global
	GlobalSection(SolutionConfigurationPlatforms) = preSolution
		Debug|Any CPU = Debug|Any CPU
		Release|Any CPU = Release|Any CPU
	EndGlobalSection
	GlobalSection(ProjectConfigurationPlatforms) = postSolution
		{CC827D85-0424-4DCD-AC26-9B200943DE4A}.Debug|Any CPU.ActiveCfg = Debug|Any CPU
		{CC827D85-0424-4DCD-AC26-9B200943DE4A}.Debug|Any CPU.Build.0 = Debug|Any CPU
		{CC827D85-0424-4DCD-AC26-9B200943DE4A}.Release|Any CPU.ActiveCfg = Release|Any CPU
		{CC827D85-0424-4DCD-AC26-9B200943DE4A}.Release|Any CPU.Build.0 = Release|Any CPU
	EndGlobalSection
	GlobalSection(SolutionProperties) = preSolution
		HideSolutionNode = FALSE
	EndGlobalSection
	GlobalSection(ExtensibilityGlobals) = postSolution
		SolutionGuid = {1AC9FF99-6AA3-4228-8D44-CA4375CB03EE}
	EndGlobalSection
EndGlobal
